// !$*UTF8*$!
{
	archiveVersion = 1;
	classes = {
	};
	objectVersion = 55;
	objects = {

/* Begin PBXBuildFile section */
		0E8868AF27EEF3F300F88341 /* MyAlamofire2App.swift in Sources */ = {isa = PBXBuildFile; fileRef = 0E8868AE27EEF3F300F88341 /* MyAlamofire2App.swift */; };
		0E8868B127EEF3F300F88341 /* ContentView.swift in Sources */ = {isa = PBXBuildFile; fileRef = 0E8868B027EEF3F300F88341 /* ContentView.swift */; };
		0E8868B327EEF3F700F88341 /* Assets.xcassets in Resources */ = {isa = PBXBuildFile; fileRef = 0E8868B227EEF3F700F88341 /* Assets.xcassets */; };
		0E8868B627EEF3F700F88341 /* Preview Assets.xcassets in Resources */ = {isa = PBXBuildFile; fileRef = 0E8868B527EEF3F700F88341 /* Preview Assets.xcassets */; };
		0E8868BD27EEF40300F88341 /* Model.swift in Sources */ = {isa = PBXBuildFile; fileRef = 0E8868BC27EEF40300F88341 /* Model.swift */; };
		0E8868BF27EEF59400F88341 /* ViewModel.swift in Sources */ = {isa = PBXBuildFile; fileRef = 0E8868BE27EEF59400F88341 /* ViewModel.swift */; };
		C702ECD50D79D010CF8BB418 /* Pods_MyAlamofire2.framework in Frameworks */ = {isa = PBXBuildFile; fileRef = 1CEFB731B48A0EF9A4F87528 /* Pods_MyAlamofire2.framework */; };
/* End PBXBuildFile section */

/* Begin PBXFileReference section */
		0E8868AB27EEF3F300F88341 /* MyAlamofire2.app */ = {isa = PBXFileReference; explicitFileType = wrapper.application; includeInIndex = 0; path = MyAlamofire2.app; sourceTree = BUILT_PRODUCTS_DIR; };
		0E8868AE27EEF3F300F88341 /* MyAlamofire2App.swift */ = {isa = PBXFileReference; lastKnownFileType = sourcecode.swift; path = MyAlamofire2App.swift; sourceTree = "<group>"; };
		0E8868B027EEF3F300F88341 /* ContentView.swift */ = {isa = PBXFileReference; lastKnownFileType = sourcecode.swift; path = ContentView.swift; sourceTree = "<group>"; };
		0E8868B227EEF3F700F88341 /* Assets.xcassets */ = {isa = PBXFileReference; lastKnownFileType = folder.assetcatalog; path = Assets.xcassets; sourceTree = "<group>"; };
		0E8868B527EEF3F700F88341 /* Preview Assets.xcassets */ = {isa = PBXFileReference; lastKnownFileType = folder.assetcatalog; path = "Preview Assets.xcassets"; sourceTree = "<group>"; };
		0E8868BC27EEF40300F88341 /* Model.swift */ = {isa = PBXFileReference; lastKnownFileType = sourcecode.swift; path = Model.swift; sourceTree = "<group>"; };
		0E8868BE27EEF59400F88341 /* ViewModel.swift */ = {isa = PBXFileReference; lastKnownFileType = sourcecode.swift; path = ViewModel.swift; sourceTree = "<group>"; };
		0E8868C027EEF7FC00F88341 /* Info.plist */ = {isa = PBXFileReference; lastKnownFileType = text.plist; path = Info.plist; sourceTree = "<group>"; };
		1CEFB731B48A0EF9A4F87528 /* Pods_MyAlamofire2.framework */ = {isa = PBXFileReference; explicitFileType = wrapper.framework; includeInIndex = 0; path = Pods_MyAlamofire2.framework; sourceTree = BUILT_PRODUCTS_DIR; };
		3F3A30A31D4054409F630532 /* Pods-MyAlamofire2.release.xcconfig */ = {isa = PBXFileReference; includeInIndex = 1; lastKnownFileType = text.xcconfig; name = "Pods-MyAlamofire2.release.xcconfig"; path = "Target Support Files/Pods-MyAlamofire2/Pods-MyAlamofire2.release.xcconfig"; sourceTree = "<group>"; };
		DB20337662327157FFD52C96 /* Pods-MyAlamofire2.debug.xcconfig */ = {isa = PBXFileReference; includeInIndex = 1; lastKnownFileType = text.xcconfig; name = "Pods-MyAlamofire2.debug.xcconfig"; path = "Target Support Files/Pods-MyAlamofire2/Pods-MyAlamofire2.debug.xcconfig"; sourceTree = "<group>"; };
/* End PBXFileReference section */

/* Begin PBXFrameworksBuildPhase section */
		0E8868A827EEF3F300F88341 /* Frameworks */ = {
			isa = PBXFrameworksBuildPhase;
			buildActionMask = 2147483647;
			files = (
				C702ECD50D79D010CF8BB418 /* Pods_MyAlamofire2.framework in Frameworks */,
			);
			runOnlyForDeploymentPostprocessing = 0;
		};
/* End PBXFrameworksBuildPhase section */

/* Begin PBXGroup section */
		0E8868A227EEF3F300F88341 = {
			isa = PBXGroup;
			children = (
				0E8868AD27EEF3F300F88341 /* MyAlamofire2 */,
				0E8868AC27EEF3F300F88341 /* Products */,
				4FD293FD86546BB68B25993B /* Pods */,
				27232FE40C2B1714E544616B /* Frameworks */,
			);
			sourceTree = "<group>";
		};
		0E8868AC27EEF3F300F88341 /* Products */ = {
			isa = PBXGroup;
			children = (
				0E8868AB27EEF3F300F88341 /* MyAlamofire2.app */,
			);
			name = Products;
			sourceTree = "<group>";
		};
		0E8868AD27EEF3F300F88341 /* MyAlamofire2 */ = {
			isa = PBXGroup;
			children = (
				0E8868C027EEF7FC00F88341 /* Info.plist */,
				0E8868AE27EEF3F300F88341 /* MyAlamofire2App.swift */,
				0E8868B027EEF3F300F88341 /* ContentView.swift */,
				0E8868BC27EEF40300F88341 /* Model.swift */,
				0E8868BE27EEF59400F88341 /* ViewModel.swift */,
				0E8868B227EEF3F700F88341 /* Assets.xcassets */,
				0E8868B427EEF3F700F88341 /* Preview Content */,
			);
			path = MyAlamofire2;
			sourceTree = "<group>";
		};
		0E8868B427EEF3F700F88341 /* Preview Content */ = {
			isa = PBXGroup;
			children = (
				0E8868B527EEF3F700F88341 /* Preview Assets.xcassets */,
			);
			path = "Preview Content";
			sourceTree = "<group>";
		};
		27232FE40C2B1714E544616B /* Frameworks */ = {
			isa = PBXGroup;
			children = (
				1CEFB731B48A0EF9A4F87528 /* Pods_MyAlamofire2.framework */,
			);
			name = Frameworks;
			sourceTree = "<group>";
		};
		4FD293FD86546BB68B25993B /* Pods */ = {
			isa = PBXGroup;
			children = (
				DB20337662327157FFD52C96 /* Pods-MyAlamofire2.debug.xcconfig */,
				3F3A30A31D4054409F630532 /* Pods-MyAlamofire2.release.xcconfig */,
			);
			path = Pods;
			sourceTree = "<group>";
		};
/* End PBXGroup section */

/* Begin PBXNativeTarget section */
		0E8868AA27EEF3F300F88341 /* MyAlamofire2 */ = {
			isa = PBXNativeTarget;
			buildConfigurationList = 0E8868B927EEF3F700F88341 /* Build configuration list for PBXNativeTarget "MyAlamofire2" */;
			buildPhases = (
				B2E1CF8B7A23F1641F8A3AE9 /* [CP] Check Pods Manifest.lock */,
				0E8868A727EEF3F300F88341 /* Sources */,
				0E8868A827EEF3F300F88341 /* Frameworks */,
				0E8868A927EEF3F300F88341 /* Resources */,
				E4765F27A87AD08C7C1F7CA3 /* [CP] Embed Pods Frameworks */,
			);
			buildRules = (
			);
			dependencies = (
			);
			name = MyAlamofire2;
			productName = MyAlamofire2;
			productReference = 0E8868AB27EEF3F300F88341 /* MyAlamofire2.app */;
			productType = "com.apple.product-type.application";
		};
/* End PBXNativeTarget section */

/* Begin PBXProject section */
		0E8868A327EEF3F300F88341 /* Project object */ = {
			isa = PBXProject;
			attributes = {
				BuildIndependentTargetsInParallel = 1;
				LastSwiftUpdateCheck = 1320;
				LastUpgradeCheck = 1320;
				TargetAttributes = {
					0E8868AA27EEF3F300F88341 = {
						CreatedOnToolsVersion = 13.2.1;
					};
				};
			};
			buildConfigurationList = 0E8868A627EEF3F300F88341 /* Build configuration list for PBXProject "MyAlamofire2" */;
			compatibilityVersion = "Xcode 13.0";
			developmentRegion = en;
			hasScannedForEncodings = 0;
			knownRegions = (
				en,
				Base,
			);
			mainGroup = 0E8868A227EEF3F300F88341;
			productRefGroup = 0E8868AC27EEF3F300F88341 /* Products */;
			projectDirPath = "";
			projectRoot = "";
			targets = (
				0E8868AA27EEF3F300F88341 /* MyAlamofire2 */,
			);
		};
/* End PBXProject section */

/* Begin PBXResourcesBuildPhase section */
		0E8868A927EEF3F300F88341 /* Resources */ = {
			isa = PBXResourcesBuildPhase;
			buildActionMask = 2147483647;
			files = (
				0E8868B627EEF3F700F88341 /* Preview Assets.xcassets in Resources */,
				0E8868B327EEF3F700F88341 /* Assets.xcassets in Resources */,
			);
			runOnlyForDeploymentPostprocessing = 0;
		};
/* End PBXResourcesBuildPhase section */

/* Begin PBXShellScriptBuildPhase section */
		B2E1CF8B7A23F1641F8A3AE9 /* [CP] Check Pods Manifest.lock */ = {
			isa = PBXShellScriptBuildPhase;
			buildActionMask = 2147483647;
			files = (
			);
			inputFileListPaths = (
			);
			inputPaths = (
				"${PODS_PODFILE_DIR_PATH}/Podfile.lock",
				"${PODS_ROOT}/Manifest.lock",
			);
			name = "[CP] Check Pods Manifest.lock";
			outputFileListPaths = (
			);
			outputPaths = (
				"$(DERIVED_FILE_DIR)/Pods-MyAlamofire2-checkManifestLockResult.txt",
			);
			runOnlyForDeploymentPostprocessing = 0;
			shellPath = /bin/sh;
			shellScript = "diff \"${PODS_PODFILE_DIR_PATH}/Podfile.lock\" \"${PODS_ROOT}/Manifest.lock\" > /dev/null\nif [ $? != 0 ] ; then\n    # print error to STDERR\n    echo \"error: The sandbox is not in sync with the Podfile.lock. Run 'pod install' or update your CocoaPods installation.\" >&2\n    exit 1\nfi\n# This output is used by Xcode 'outputs' to avoid re-running this script phase.\necho \"SUCCESS\" > \"${SCRIPT_OUTPUT_FILE_0}\"\n";
			showEnvVarsInLog = 0;
		};
		E4765F27A87AD08C7C1F7CA3 /* [CP] Embed Pods Frameworks */ = {
			isa = PBXShellScriptBuildPhase;
			buildActionMask = 2147483647;
			files = (
			);
			inputFileListPaths = (
				"${PODS_ROOT}/Target Support Files/Pods-MyAlamofire2/Pods-MyAlamofire2-frameworks-${CONFIGURATION}-input-files.xcfilelist",
			);
			name = "[CP] Embed Pods Frameworks";
			outputFileListPaths = (
				"${PODS_ROOT}/Target Support Files/Pods-MyAlamofire2/Pods-MyAlamofire2-frameworks-${CONFIGURATION}-output-files.xcfilelist",
			);
			runOnlyForDeploymentPostprocessing = 0;
			shellPath = /bin/sh;
			shellScript = "\"${PODS_ROOT}/Target Support Files/Pods-MyAlamofire2/Pods-MyAlamofire2-frameworks.sh\"\n";
			showEnvVarsInLog = 0;
		};
/* End PBXShellScriptBuildPhase section */

/* Begin PBXSourcesBuildPhase section */
		0E8868A727EEF3F300F88341 /* Sources */ = {
			isa = PBXSourcesBuildPhase;
			buildActionMask = 2147483647;
			files = (
				0E8868BD27EEF40300F88341 /* Model.swift in Sources */,
				0E8868B127EEF3F300F88341 /* ContentView.swift in Sources */,
				0E8868BF27EEF59400F88341 /* ViewModel.swift in Sources */,
				0E8868AF27EEF3F300F88341 /* MyAlamofire2App.swift in Sources */,
			);
			runOnlyForDeploymentPostprocessing = 0;
		};
/* End PBXSourcesBuildPhase section */

/* Begin XCBuildConfiguration section */
		0E8868B727EEF3F700F88341 /* Debug */ = {
			isa = XCBuildConfiguration;
			buildSettings = {
				ALWAYS_SEARCH_USER_PATHS = NO;
				CLANG_ANALYZER_NONNULL = YES;
				CLANG_ANALYZER_NUMBER_OBJECT_CONVERSION = YES_AGGRESSIVE;
				CLANG_CXX_LANGUAGE_STANDARD = "gnu++17";
				CLANG_CXX_LIBRARY = "libc++";
				CLANG_ENABLE_MODULES = YES;
				CLANG_ENABLE_OBJC_ARC = YES;
				CLANG_ENABLE_OBJC_WEAK = YES;
				CLANG_WARN_BLOCK_CAPTURE_AUTORELEASING = YES;
				CLANG_WARN_BOOL_CONVERSION = YES;
				CLANG_WARN_COMMA = YES;
				CLANG_WARN_CONSTANT_CONVERSION = YES;
				CLANG_WARN_DEPRECATED_OBJC_IMPLEMENTATIONS = YES;
				CLANG_WARN_DIRECT_OBJC_ISA_USAGE = YES_ERROR;
				CLANG_WARN_DOCUMENTATION_COMMENTS = YES;
				CLANG_WARN_EMPTY_BODY = YES;
				CLANG_WARN_ENUM_CONVERSION = YES;
				CLANG_WARN_INFINITE_RECURSION = YES;
				CLANG_WARN_INT_CONVERSION = YES;
				CLANG_WARN_NON_LITERAL_NULL_CONVERSION = YES;
				CLANG_WARN_OBJC_IMPLICIT_RETAIN_SELF = YES;
				CLANG_WARN_OBJC_LITERAL_CONVERSION = YES;
				CLANG_WARN_OBJC_ROOT_CLASS = YES_ERROR;
				CLANG_WARN_QUOTED_INCLUDE_IN_FRAMEWORK_HEADER = YES;
				CLANG_WARN_RANGE_LOOP_ANALYSIS = YES;
				CLANG_WARN_STRICT_PROTOTYPES = YES;
				CLANG_WARN_SUSPICIOUS_MOVE = YES;
				CLANG_WARN_UNGUARDED_AVAILABILITY = YES_AGGRESSIVE;
				CLANG_WARN_UNREACHABLE_CODE = YES;
				CLANG_WARN__DUPLICATE_METHOD_MATCH = YES;
				COPY_PHASE_STRIP = NO;
				DEBUG_INFORMATION_FORMAT = dwarf;
				ENABLE_STRICT_OBJC_MSGSEND = YES;
				ENABLE_TESTABILITY = YES;
				GCC_C_LANGUAGE_STANDARD = gnu11;
				GCC_DYNAMIC_NO_PIC = NO;
				GCC_NO_COMMON_BLOCKS = YES;
				GCC_OPTIMIZATION_LEVEL = 0;
				GCC_PREPROCESSOR_DEFINITIONS = (
					"DEBUG=1",
					"$(inherited)",
				);
				GCC_WARN_64_TO_32_BIT_CONVERSION = YES;
				GCC_WARN_ABOUT_RETURN_TYPE = YES_ERROR;
				GCC_WARN_UNDECLARED_SELECTOR = YES;
				GCC_WARN_UNINITIALIZED_AUTOS = YES_AGGRESSIVE;
				GCC_WARN_UNUSED_FUNCTION = YES;
				GCC_WARN_UNUSED_VARIABLE = YES;
				IPHONEOS_DEPLOYMENT_TARGET = 15.2;
				MTL_ENABLE_DEBUG_INFO = INCLUDE_SOURCE;
				MTL_FAST_MATH = YES;
				ONLY_ACTIVE_ARCH = YES;
				SDKROOT = iphoneos;
				SWIFT_ACTIVE_COMPILATION_CONDITIONS = DEBUG;
				SWIFT_OPTIMIZATION_LEVEL = "-Onone";
			};
			name = Debug;
		};
		0E8868B827EEF3F700F88341 /* Release */ = {
			isa = XCBuildConfiguration;
			buildSettings = {
				ALWAYS_SEARCH_USER_PATHS = NO;
				CLANG_ANALYZER_NONNULL = YES;
				CLANG_ANALYZER_NUMBER_OBJECT_CONVERSION = YES_AGGRESSIVE;
				CLANG_CXX_LANGUAGE_STANDARD = "gnu++17";
				CLANG_CXX_LIBRARY = "libc++";
				CLANG_ENABLE_MODULES = YES;
				CLANG_ENABLE_OBJC_ARC = YES;
				CLANG_ENABLE_OBJC_WEAK = YES;
				CLANG_WARN_BLOCK_CAPTURE_AUTORELEASING = YES;
				CLANG_WARN_BOOL_CONVERSION = YES;
				CLANG_WARN_COMMA = YES;
				CLANG_WARN_CONSTANT_CONVERSION = YES;
				CLANG_WARN_DEPRECATED_OBJC_IMPLEMENTATIONS = YES;
				CLANG_WARN_DIRECT_OBJC_ISA_USAGE = YES_ERROR;
				CLANG_WARN_DOCUMENTATION_COMMENTS = YES;
				CLANG_WARN_EMPTY_BODY = YES;
				CLANG_WARN_ENUM_CONVERSION = YES;
				CLANG_WARN_INFINITE_RECURSION = YES;
				CLANG_WARN_INT_CONVERSION = YES;
				CLANG_WARN_NON_LITERAL_NULL_CONVERSION = YES;
				CLANG_WARN_OBJC_IMPLICIT_RETAIN_SELF = YES;
				CLANG_WARN_OBJC_LITERAL_CONVERSION = YES;
				CLANG_WARN_OBJC_ROOT_CLASS = YES_ERROR;
				CLANG_WARN_QUOTED_INCLUDE_IN_FRAMEWORK_HEADER = YES;
				CLANG_WARN_RANGE_LOOP_ANALYSIS = YES;
				CLANG_WARN_STRICT_PROTOTYPES = YES;
				CLANG_WARN_SUSPICIOUS_MOVE = YES;
				CLANG_WARN_UNGUARDED_AVAILABILITY = YES_AGGRESSIVE;
				CLANG_WARN_UNREACHABLE_CODE = YES;
				CLANG_WARN__DUPLICATE_METHOD_MATCH = YES;
				COPY_PHASE_STRIP = NO;
				DEBUG_INFORMATION_FORMAT = "dwarf-with-dsym";
				ENABLE_NS_ASSERTIONS = NO;
				ENABLE_STRICT_OBJC_MSGSEND = YES;
				GCC_C_LANGUAGE_STANDARD = gnu11;
				GCC_NO_COMMON_BLOCKS = YES;
				GCC_WARN_64_TO_32_BIT_CONVERSION = YES;
				GCC_WARN_ABOUT_RETURN_TYPE = YES_ERROR;
				GCC_WARN_UNDECLARED_SELECTOR = YES;
				GCC_WARN_UNINITIALIZED_AUTOS = YES_AGGRESSIVE;
				GCC_WARN_UNUSED_FUNCTION = YES;
				GCC_WARN_UNUSED_VARIABLE = YES;
				IPHONEOS_DEPLOYMENT_TARGET = 15.2;
				MTL_ENABLE_DEBUG_INFO = NO;
				MTL_FAST_MATH = YES;
				SDKROOT = iphoneos;
				SWIFT_COMPILATION_MODE = wholemodule;
				SWIFT_OPTIMIZATION_LEVEL = "-O";
				VALIDATE_PRODUCT = YES;
			};
			name = Release;
		};
		0E8868BA27EEF3F700F88341 /* Debug */ = {
			isa = XCBuildConfiguration;
			baseConfigurationReference = DB20337662327157FFD52C96 /* Pods-MyAlamofire2.debug.xcconfig */;
			buildSettings = {
				ASSETCATALOG_COMPILER_APPICON_NAME = AppIcon;
				ASSETCATALOG_COMPILER_GLOBAL_ACCENT_COLOR_NAME = AccentColor;
				CODE_SIGN_STYLE = Automatic;
				CURRENT_PROJECT_VERSION = 1;
				DEVELOPMENT_ASSET_PATHS = "\"MyAlamofire2/Preview Content\"";
				DEVELOPMENT_TEAM = X37BT8TS5J;
				ENABLE_PREVIEWS = YES;
				GENERATE_INFOPLIST_FILE = YES;
				INFOPLIST_FILE = MyAlamofire2/Info.plist;
				INFOPLIST_KEY_UIApplicationSceneManifest_Generation = YES;
				INFOPLIST_KEY_UIApplicationSupportsIndirectInputEvents = YES;
				INFOPLIST_KEY_UILaunchScreen_Generation = YES;
				INFOPLIST_KEY_UISupportedInterfaceOrientations_iPad = "UIInterfaceOrientationPortrait UIInterfaceOrientationPortraitUpsideDown UIInterfaceOrientationLandscapeLeft UIInterfaceOrientationLandscapeRight";
				INFOPLIST_KEY_UISupportedInterfaceOrientations_iPhone = "UIInterfaceOrientationPortrait UIInterfaceOrientationLandscapeLeft UIInterfaceOrientationLandscapeRight";
				LD_RUNPATH_SEARCH_PATHS = (
					"$(inherited)",
					"@executable_path/Frameworks",
				);
				MARKETING_VERSION = 1.0;
				PRODUCT_BUNDLE_IDENTIFIER = himchan.MyAlamofire2;
				PRODUCT_NAME = "$(TARGET_NAME)";
				SWIFT_EMIT_LOC_STRINGS = YES;
				SWIFT_VERSION = 5.0;
				TARGETED_DEVICE_FAMILY = "1,2";
			};
			name = Debug;
		};
		0E8868BB27EEF3F700F88341 /* Release */ = {
			isa = XCBuildConfiguration;
			baseConfigurationReference = 3F3A30A31D4054409F630532 /* Pods-MyAlamofire2.release.xcconfig */;
			buildSettings = {
				ASSETCATALOG_COMPILER_APPICON_NAME = AppIcon;
				ASSETCATALOG_COMPILER_GLOBAL_ACCENT_COLOR_NAME = AccentColor;
				CODE_SIGN_STYLE = Automatic;
				CURRENT_PROJECT_VERSION = 1;
				DEVELOPMENT_ASSET_PATHS = "\"MyAlamofire2/Preview Content\"";
				DEVELOPMENT_TEAM = X37BT8TS5J;
				ENABLE_PREVIEWS = YES;
				GENERATE_INFOPLIST_FILE = YES;
				INFOPLIST_FILE = MyAlamofire2/Info.plist;
				INFOPLIST_KEY_UIApplicationSceneManifest_Generation = YES;
				INFOPLIST_KEY_UIApplicationSupportsIndirectInputEvents = YES;
				INFOPLIST_KEY_UILaunchScreen_Generation = YES;
				INFOPLIST_KEY_UISupportedInterfaceOrientations_iPad = "UIInterfaceOrientationPortrait UIInterfaceOrientationPortraitUpsideDown UIInterfaceOrientationLandscapeLeft UIInterfaceOrientationLandscapeRight";
				INFOPLIST_KEY_UISupportedInterfaceOrientations_iPhone = "UIInterfaceOrientationPortrait UIInterfaceOrientationLandscapeLeft UIInterfaceOrientationLandscapeRight";
				LD_RUNPATH_SEARCH_PATHS = (
					"$(inherited)",
					"@executable_path/Frameworks",
				);
				MARKETING_VERSION = 1.0;
				PRODUCT_BUNDLE_IDENTIFIER = himchan.MyAlamofire2;
				PRODUCT_NAME = "$(TARGET_NAME)";
				SWIFT_EMIT_LOC_STRINGS = YES;
				SWIFT_VERSION = 5.0;
				TARGETED_DEVICE_FAMILY = "1,2";
			};
			name = Release;
		};
/* End XCBuildConfiguration section */

/* Begin XCConfigurationList section */
		0E8868A627EEF3F300F88341 /* Build configuration list for PBXProject "MyAlamofire2" */ = {
			isa = XCConfigurationList;
			buildConfigurations = (
				0E8868B727EEF3F700F88341 /* Debug */,
				0E8868B827EEF3F700F88341 /* Release */,
			);
			defaultConfigurationIsVisible = 0;
			defaultConfigurationName = Release;
		};
		0E8868B927EEF3F700F88341 /* Build configuration list for PBXNativeTarget "MyAlamofire2" */ = {
			isa = XCConfigurationList;
			buildConfigurations = (
				0E8868BA27EEF3F700F88341 /* Debug */,
				0E8868BB27EEF3F700F88341 /* Release */,
			);
			defaultConfigurationIsVisible = 0;
			defaultConfigurationName = Release;
		};
/* End XCConfigurationList section */
	};
	rootObject = 0E8868A327EEF3F300F88341 /* Project object */;
}
